{
  "name": "ProceduralGeneration_ConstraintSatisfaction",
  "lockfileVersion": 3,
  "requires": true,
  "packages": {
    "": {
      "dependencies": {
        "vector2js": "^2.0.1"
      }
    },
    "node_modules/vector2js": {
      "version": "2.0.1",
      "resolved": "https://registry.npmjs.org/vector2js/-/vector2js-2.0.1.tgz",
      "integrity": "sha512-5+Vo6EAEKRuAiYxN7CWJg/5X8qpsWhuRjLmrE3NR71D86wYw2BfBUxN96+V/fqlHF0wmECMSzP96c+W4M/CPyA=="
    }
  }
}
